
Microsoft Visual Studio Solution File, Format Version 12.00
# Visual Studio Version 17
VisualStudioVersion = 17.11.35312.102
MinimumVisualStudioVersion = 10.0.40219.1
Project("{888888A0-9F3D-457C-B088-3A5042F75D52}") = "modul_14_3", "modul_14_3.pyproj", "{E6B8E26A-9AC1-47DE-BF2F-EAEE9AF089A0}"
EndProject
Global
	GlobalSection(SolutionConfigurationPlatforms) = preSolution
		Debug|Any CPU = Debug|Any CPU
		Release|Any CPU = Release|Any CPU
	EndGlobalSection
	GlobalSection(ProjectConfigurationPlatforms) = postSolution
		{E6B8E26A-9AC1-47DE-BF2F-EAEE9AF089A0}.Debug|Any CPU.ActiveCfg = Debug|Any CPU
		{E6B8E26A-9AC1-47DE-BF2F-EAEE9AF089A0}.Release|Any CPU.ActiveCfg = Release|Any CPU
	EndGlobalSection
	GlobalSection(SolutionProperties) = preSolution
		HideSolutionNode = FALSE
	EndGlobalSection
	GlobalSection(ExtensibilityGlobals) = postSolution
		SolutionGuid = {83C64282-868D-44B6-AA18-5DFA923FF255}
	EndGlobalSection
EndGlobal
